
Microsoft Visual Studio Solution File, Format Version 12.00
# Visual Studio Version 17
VisualStudioVersion = 17.8.34525.116
MinimumVisualStudioVersion = 10.0.40219.1
Project("{8BC9CEB8-8B4A-11D0-8D11-00A0C91BC942}") = "14_Camera_Move", "14_Camera_Move.vcxproj", "{F6E325F3-DE85-475A-9F23-73029BF15CEB}"
EndProject
Global
	GlobalSection(SolutionConfigurationPlatforms) = preSolution
		Debug|x64 = Debug|x64
		Debug|x86 = Debug|x86
		Release|x64 = Release|x64
		Release|x86 = Release|x86
	EndGlobalSection
	GlobalSection(ProjectConfigurationPlatforms) = postSolution
		{F6E325F3-DE85-475A-9F23-73029BF15CEB}.Debug|x64.ActiveCfg = Debug|x64
		{F6E325F3-DE85-475A-9F23-73029BF15CEB}.Debug|x64.Build.0 = Debug|x64
		{F6E325F3-DE85-475A-9F23-73029BF15CEB}.Debug|x86.ActiveCfg = Debug|Win32
		{F6E325F3-DE85-475A-9F23-73029BF15CEB}.Debug|x86.Build.0 = Debug|Win32
		{F6E325F3-DE85-475A-9F23-73029BF15CEB}.Release|x64.ActiveCfg = Release|x64
		{F6E325F3-DE85-475A-9F23-73029BF15CEB}.Release|x64.Build.0 = Release|x64
		{F6E325F3-DE85-475A-9F23-73029BF15CEB}.Release|x86.ActiveCfg = Release|Win32
		{F6E325F3-DE85-475A-9F23-73029BF15CEB}.Release|x86.Build.0 = Release|Win32
	EndGlobalSection
	GlobalSection(SolutionProperties) = preSolution
		HideSolutionNode = FALSE
	EndGlobalSection
	GlobalSection(ExtensibilityGlobals) = postSolution
		SolutionGuid = {540F5C3D-BD5A-498F-9CA2-20A69F6D31D7}
	EndGlobalSection
EndGlobal
