
Microsoft Visual Studio Solution File, Format Version 12.00
# Visual Studio Version 17
VisualStudioVersion = 17.8.34525.116
MinimumVisualStudioVersion = 10.0.40219.1
Project("{8BC9CEB8-8B4A-11D0-8D11-00A0C91BC942}") = "19_Light_Maps", "19_Light_Maps.vcxproj", "{401D038C-B31A-4650-8674-284825A1BAEA}"
EndProject
Global
	GlobalSection(SolutionConfigurationPlatforms) = preSolution
		Debug|x64 = Debug|x64
		Debug|x86 = Debug|x86
		Release|x64 = Release|x64
		Release|x86 = Release|x86
	EndGlobalSection
	GlobalSection(ProjectConfigurationPlatforms) = postSolution
		{401D038C-B31A-4650-8674-284825A1BAEA}.Debug|x64.ActiveCfg = Debug|x64
		{401D038C-B31A-4650-8674-284825A1BAEA}.Debug|x64.Build.0 = Debug|x64
		{401D038C-B31A-4650-8674-284825A1BAEA}.Debug|x86.ActiveCfg = Debug|Win32
		{401D038C-B31A-4650-8674-284825A1BAEA}.Debug|x86.Build.0 = Debug|Win32
		{401D038C-B31A-4650-8674-284825A1BAEA}.Release|x64.ActiveCfg = Release|x64
		{401D038C-B31A-4650-8674-284825A1BAEA}.Release|x64.Build.0 = Release|x64
		{401D038C-B31A-4650-8674-284825A1BAEA}.Release|x86.ActiveCfg = Release|Win32
		{401D038C-B31A-4650-8674-284825A1BAEA}.Release|x86.Build.0 = Release|Win32
	EndGlobalSection
	GlobalSection(SolutionProperties) = preSolution
		HideSolutionNode = FALSE
	EndGlobalSection
	GlobalSection(ExtensibilityGlobals) = postSolution
		SolutionGuid = {F0026CE4-9432-4747-828E-2F2658684658}
	EndGlobalSection
EndGlobal
